
Microsoft Visual Studio Solution File, Format Version 12.00
# Visual Studio 15
VisualStudioVersion = 15.0.27703.2042
MinimumVisualStudioVersion = 10.0.40219.1
Project("{FAE04EC0-301F-11D3-BF4B-00C04F79EFBC}") = "test_git_proje", "test_git_proje\test_git_proje.csproj", "{C5728E96-E80B-4E44-B2F8-E31EBB41C477}"
EndProject
Global
	GlobalSection(SolutionConfigurationPlatforms) = preSolution
		Debug|Any CPU = Debug|Any CPU
		Release|Any CPU = Release|Any CPU
	EndGlobalSection
	GlobalSection(ProjectConfigurationPlatforms) = postSolution
		{C5728E96-E80B-4E44-B2F8-E31EBB41C477}.Debug|Any CPU.ActiveCfg = Debug|Any CPU
		{C5728E96-E80B-4E44-B2F8-E31EBB41C477}.Debug|Any CPU.Build.0 = Debug|Any CPU
		{C5728E96-E80B-4E44-B2F8-E31EBB41C477}.Release|Any CPU.ActiveCfg = Release|Any CPU
		{C5728E96-E80B-4E44-B2F8-E31EBB41C477}.Release|Any CPU.Build.0 = Release|Any CPU
	EndGlobalSection
	GlobalSection(SolutionProperties) = preSolution
		HideSolutionNode = FALSE
	EndGlobalSection
	GlobalSection(ExtensibilityGlobals) = postSolution
		SolutionGuid = {7EEA4B5A-8C24-4D39-B2A4-ACD390ABA275}
	EndGlobalSection
EndGlobal
